
Microsoft Visual Studio Solution File, Format Version 12.00
# Visual Studio Version 17
VisualStudioVersion = 17.4.33213.308
MinimumVisualStudioVersion = 10.0.40219.1
Project("{FAE04EC0-301F-11D3-BF4B-00C04F79EFBC}") = "ConsoleApp17", "ConsoleApp17\ConsoleApp17.csproj", "{E05199D7-1F97-488C-9980-1987AC2B4A16}"
EndProject
Global
	GlobalSection(SolutionConfigurationPlatforms) = preSolution
		Debug|Any CPU = Debug|Any CPU
		Release|Any CPU = Release|Any CPU
	EndGlobalSection
	GlobalSection(ProjectConfigurationPlatforms) = postSolution
		{E05199D7-1F97-488C-9980-1987AC2B4A16}.Debug|Any CPU.ActiveCfg = Debug|Any CPU
		{E05199D7-1F97-488C-9980-1987AC2B4A16}.Debug|Any CPU.Build.0 = Debug|Any CPU
		{E05199D7-1F97-488C-9980-1987AC2B4A16}.Release|Any CPU.ActiveCfg = Release|Any CPU
		{E05199D7-1F97-488C-9980-1987AC2B4A16}.Release|Any CPU.Build.0 = Release|Any CPU
	EndGlobalSection
	GlobalSection(SolutionProperties) = preSolution
		HideSolutionNode = FALSE
	EndGlobalSection
	GlobalSection(ExtensibilityGlobals) = postSolution
		SolutionGuid = {287443F0-3DC4-4056-8104-AC6754EA3ED8}
	EndGlobalSection
EndGlobal
